{
  "name": "hello-node-projekt",
  "version": "1.0.0",
  "lockfileVersion": 3,
  "requires": true,
  "packages": {
    "": {
      "name": "hello-node-projekt",
      "version": "1.0.0",
      "license": "ISC",
      "dependencies": {
        "generate-pi": "^1.23.0"
      }
    },
    "node_modules/clone": {
      "version": "2.1.2",
      "resolved": "https://registry.npmjs.org/clone/-/clone-2.1.2.tgz",
      "integrity": "sha512-3Pe/CF1Nn94hyhIYpjtiLhdCoEoz0DqQ+988E9gmeEdQZlojxnOb74wctFyuwWQHzqyf9X7C7MG8juUpqBJT8w==",
      "license": "MIT",
      "engines": {
        "node": ">=0.8"
      }
    },
    "node_modules/decimal.js": {
      "version": "10.5.0",
      "resolved": "https://registry.npmjs.org/decimal.js/-/decimal.js-10.5.0.tgz",
      "integrity": "sha512-8vDa8Qxvr/+d94hSh5P3IJwI5t8/c0KsMp+g8bNw9cY2icONa5aPfvKeieW1WlG0WQYwwhJ7mjui2xtiePQSXw==",
      "license": "MIT"
    },
    "node_modules/generate-pi": {
      "version": "1.23.0",
      "resolved": "https://registry.npmjs.org/generate-pi/-/generate-pi-1.23.0.tgz",
      "integrity": "sha512-ed0Xt2zWC5HsFk4K5ZUbLWbGtFtCMQfQgKM5/U4rYK/FVD6oUPJFn/X2sU4jFhaEdPkTgc6KqdSv4BVuyL6YRQ==",
      "license": "MIT",
      "dependencies": {
        "decimal.js": "^10.5.0",
        "is-positive-int": "^1.20.0",
        "node-cache": "^5.1.2"
      },
      "engines": {
        "node": ">=20.18.3"
      }
    },
    "node_modules/is-positive-int": {
      "version": "1.21.0",
      "resolved": "https://registry.npmjs.org/is-positive-int/-/is-positive-int-1.21.0.tgz",
      "integrity": "sha512-wyXjz9PGXbR85spOKaNDXd1UXrR0dBJvv4sMzWKeab8G/V/ETefh0wC8oYgzd+5WOTGbnKPmmWy+BZSMk90vNg==",
      "license": "MIT",
      "engines": {
        "node": ">=20.19.1"
      }
    },
    "node_modules/node-cache": {
      "version": "5.1.2",
      "resolved": "https://registry.npmjs.org/node-cache/-/node-cache-5.1.2.tgz",
      "integrity": "sha512-t1QzWwnk4sjLWaQAS8CHgOJ+RAfmHpxFWmc36IWTiWHQfs0w5JDMBS1b1ZxQteo0vVVuWJvIUKHDkkeK7vIGCg==",
      "license": "MIT",
      "dependencies": {
        "clone": "2.x"
      },
      "engines": {
        "node": ">= 8.0.0"
      }
    }
  }
}
